
Microsoft Visual Studio Solution File, Format Version 12.00
# Visual Studio Version 17
VisualStudioVersion = 17.10.35013.160
MinimumVisualStudioVersion = 10.0.40219.1
Project("{FAE04EC0-301F-11D3-BF4B-00C04F79EFBC}") = "ResultPage", "ResultPage\ResultPage.csproj", "{EC6FC77F-C8ED-4E0F-BF7D-6FC0BDB076EA}"
EndProject
Global
	GlobalSection(SolutionConfigurationPlatforms) = preSolution
		Debug|Any CPU = Debug|Any CPU
		Release|Any CPU = Release|Any CPU
	EndGlobalSection
	GlobalSection(ProjectConfigurationPlatforms) = postSolution
		{EC6FC77F-C8ED-4E0F-BF7D-6FC0BDB076EA}.Debug|Any CPU.ActiveCfg = Debug|Any CPU
		{EC6FC77F-C8ED-4E0F-BF7D-6FC0BDB076EA}.Debug|Any CPU.Build.0 = Debug|Any CPU
		{EC6FC77F-C8ED-4E0F-BF7D-6FC0BDB076EA}.Release|Any CPU.ActiveCfg = Release|Any CPU
		{EC6FC77F-C8ED-4E0F-BF7D-6FC0BDB076EA}.Release|Any CPU.Build.0 = Release|Any CPU
	EndGlobalSection
	GlobalSection(SolutionProperties) = preSolution
		HideSolutionNode = FALSE
	EndGlobalSection
	GlobalSection(ExtensibilityGlobals) = postSolution
		SolutionGuid = {44A59A25-C8C2-4D43-9EA7-991271ACCC41}
	EndGlobalSection
EndGlobal
